// !$*UTF8*$!
{
	archiveVersion = 1;
	classes = {
	};
	objectVersion = 56;
	objects = {

/* Begin PBXBuildFile section */
		C107BC092963121600D52C32 /* SemesterStruct.swift in Sources */ = {isa = PBXBuildFile; fileRef = C107BC082963121600D52C32 /* SemesterStruct.swift */; };
		C107BC0B296340E000D52C32 /* DisciplineStruct.swift in Sources */ = {isa = PBXBuildFile; fileRef = C107BC0A296340DF00D52C32 /* DisciplineStruct.swift */; };
		C107BC2629634E2E00D52C32 /* DataController.swift in Sources */ = {isa = PBXBuildFile; fileRef = C107BC2529634E2E00D52C32 /* DataController.swift */; };
		C129B208295F6D3E00066555 /* Foto.swift in Sources */ = {isa = PBXBuildFile; fileRef = C129B207295F6D3E00066555 /* Foto.swift */; };
		C129B20A295F7E4200066555 /* ProfileBackground.swift in Sources */ = {isa = PBXBuildFile; fileRef = C129B209295F7E4200066555 /* ProfileBackground.swift */; };
		C129B20C295F85C800066555 /* StudentInformation.swift in Sources */ = {isa = PBXBuildFile; fileRef = C129B20B295F85C800066555 /* StudentInformation.swift */; };
		C129B20E295F8B9700066555 /* SummaryCard.swift in Sources */ = {isa = PBXBuildFile; fileRef = C129B20D295F8B9700066555 /* SummaryCard.swift */; };
		C129B210295F90EC00066555 /* ColorsOfAPP.swift in Sources */ = {isa = PBXBuildFile; fileRef = C129B20F295F90EC00066555 /* ColorsOfAPP.swift */; };
		C12DD30E2964B393005D8F97 /* GradeTable.swift in Sources */ = {isa = PBXBuildFile; fileRef = C12DD30D2964B393005D8F97 /* GradeTable.swift */; };
		C135482029637D010094EF03 /* Disciplinas.xcdatamodeld in Sources */ = {isa = PBXBuildFile; fileRef = C135481E29637D010094EF03 /* Disciplinas.xcdatamodeld */; };
		C1449116295F611600057739 /* CalculadoraDeNotasApp.swift in Sources */ = {isa = PBXBuildFile; fileRef = C1449115295F611600057739 /* CalculadoraDeNotasApp.swift */; };
		C1449118295F611600057739 /* ContentView.swift in Sources */ = {isa = PBXBuildFile; fileRef = C1449117295F611600057739 /* ContentView.swift */; };
		C144911A295F611800057739 /* Assets.xcassets in Resources */ = {isa = PBXBuildFile; fileRef = C1449119295F611800057739 /* Assets.xcassets */; };
		C144911D295F611800057739 /* Preview Assets.xcassets in Resources */ = {isa = PBXBuildFile; fileRef = C144911C295F611800057739 /* Preview Assets.xcassets */; };
		C144911F295F611800057739 /* Persistence.swift in Sources */ = {isa = PBXBuildFile; fileRef = C144911E295F611800057739 /* Persistence.swift */; };
		C144912C295F65A500057739 /* File.swift in Sources */ = {isa = PBXBuildFile; fileRef = C144912B295F65A500057739 /* File.swift */; };
		C144912F295F660700057739 /* Profile.swift in Sources */ = {isa = PBXBuildFile; fileRef = C144912E295F660700057739 /* Profile.swift */; };
		C1449131295F661300057739 /* Disciplines.swift in Sources */ = {isa = PBXBuildFile; fileRef = C1449130295F661300057739 /* Disciplines.swift */; };
		C15ECE8D2960ADB1005E8007 /* testeForm.swift in Sources */ = {isa = PBXBuildFile; fileRef = C15ECE8C2960ADB1005E8007 /* testeForm.swift */; };
		C15ECE902960B255005E8007 /* ChartTest.swift in Sources */ = {isa = PBXBuildFile; fileRef = C15ECE8F2960B255005E8007 /* ChartTest.swift */; };
		C15ECE922960B4AD005E8007 /* Configuration.swift in Sources */ = {isa = PBXBuildFile; fileRef = C15ECE912960B4AD005E8007 /* Configuration.swift */; };
		C17AD1362963712E0066DFDB /* NotasUITests.swift in Sources */ = {isa = PBXBuildFile; fileRef = C17AD1352963712E0066DFDB /* NotasUITests.swift */; };
		C17AD1382963712E0066DFDB /* NotasUITestsLaunchTests.swift in Sources */ = {isa = PBXBuildFile; fileRef = C17AD1372963712E0066DFDB /* NotasUITestsLaunchTests.swift */; };
		C17AD13F2963741D0066DFDB /* DisciplineCalculation.swift in Sources */ = {isa = PBXBuildFile; fileRef = C17AD13E2963741D0066DFDB /* DisciplineCalculation.swift */; };
		C1B72C9F29635BB70086AD53 /* NewDiscipline.swift in Sources */ = {isa = PBXBuildFile; fileRef = C1B72C9E29635BB70086AD53 /* NewDiscipline.swift */; };
		C1B72CA129635BED0086AD53 /* DisciplineDetails.swift in Sources */ = {isa = PBXBuildFile; fileRef = C1B72CA029635BED0086AD53 /* DisciplineDetails.swift */; };
/* End PBXBuildFile section */

/* Begin PBXContainerItemProxy section */
		C17AD1392963712E0066DFDB /* PBXContainerItemProxy */ = {
			isa = PBXContainerItemProxy;
			containerPortal = C144910A295F611600057739 /* Project object */;
			proxyType = 1;
			remoteGlobalIDString = C1449111295F611600057739;
			remoteInfo = Notas;
		};
/* End PBXContainerItemProxy section */

/* Begin PBXFileReference section */
		C107BC082963121600D52C32 /* SemesterStruct.swift */ = {isa = PBXFileReference; lastKnownFileType = sourcecode.swift; path = SemesterStruct.swift; sourceTree = "<group>"; };
		C107BC0A296340DF00D52C32 /* DisciplineStruct.swift */ = {isa = PBXFileReference; lastKnownFileType = sourcecode.swift; path = DisciplineStruct.swift; sourceTree = "<group>"; };
		C107BC2529634E2E00D52C32 /* DataController.swift */ = {isa = PBXFileReference; lastKnownFileType = sourcecode.swift; path = DataController.swift; sourceTree = "<group>"; };
		C129B207295F6D3E00066555 /* Foto.swift */ = {isa = PBXFileReference; lastKnownFileType = sourcecode.swift; path = Foto.swift; sourceTree = "<group>"; };
		C129B209295F7E4200066555 /* ProfileBackground.swift */ = {isa = PBXFileReference; lastKnownFileType = sourcecode.swift; path = ProfileBackground.swift; sourceTree = "<group>"; };
		C129B20B295F85C800066555 /* StudentInformation.swift */ = {isa = PBXFileReference; lastKnownFileType = sourcecode.swift; path = StudentInformation.swift; sourceTree = "<group>"; };
		C129B20D295F8B9700066555 /* SummaryCard.swift */ = {isa = PBXFileReference; lastKnownFileType = sourcecode.swift; path = SummaryCard.swift; sourceTree = "<group>"; };
		C129B20F295F90EC00066555 /* ColorsOfAPP.swift */ = {isa = PBXFileReference; lastKnownFileType = sourcecode.swift; path = ColorsOfAPP.swift; sourceTree = "<group>"; };
		C12DD30D2964B393005D8F97 /* GradeTable.swift */ = {isa = PBXFileReference; lastKnownFileType = sourcecode.swift; path = GradeTable.swift; sourceTree = "<group>"; };
		C135481F29637D010094EF03 /* Disciplinas.xcdatamodel */ = {isa = PBXFileReference; lastKnownFileType = wrapper.xcdatamodel; path = Disciplinas.xcdatamodel; sourceTree = "<group>"; };
		C1449112295F611600057739 /* Notas.app */ = {isa = PBXFileReference; explicitFileType = wrapper.application; includeInIndex = 0; path = Notas.app; sourceTree = BUILT_PRODUCTS_DIR; };
		C1449115295F611600057739 /* CalculadoraDeNotasApp.swift */ = {isa = PBXFileReference; lastKnownFileType = sourcecode.swift; path = CalculadoraDeNotasApp.swift; sourceTree = "<group>"; };
		C1449117295F611600057739 /* ContentView.swift */ = {isa = PBXFileReference; lastKnownFileType = sourcecode.swift; path = ContentView.swift; sourceTree = "<group>"; };
		C1449119295F611800057739 /* Assets.xcassets */ = {isa = PBXFileReference; lastKnownFileType = folder.assetcatalog; path = Assets.xcassets; sourceTree = "<group>"; };
		C144911C295F611800057739 /* Preview Assets.xcassets */ = {isa = PBXFileReference; lastKnownFileType = folder.assetcatalog; path = "Preview Assets.xcassets"; sourceTree = "<group>"; };
		C144911E295F611800057739 /* Persistence.swift */ = {isa = PBXFileReference; lastKnownFileType = sourcecode.swift; path = Persistence.swift; sourceTree = "<group>"; };
		C144912B295F65A500057739 /* File.swift */ = {isa = PBXFileReference; lastKnownFileType = sourcecode.swift; path = File.swift; sourceTree = "<group>"; };
		C144912E295F660700057739 /* Profile.swift */ = {isa = PBXFileReference; lastKnownFileType = sourcecode.swift; path = Profile.swift; sourceTree = "<group>"; };
		C1449130295F661300057739 /* Disciplines.swift */ = {isa = PBXFileReference; lastKnownFileType = sourcecode.swift; path = Disciplines.swift; sourceTree = "<group>"; };
		C15ECE8C2960ADB1005E8007 /* testeForm.swift */ = {isa = PBXFileReference; lastKnownFileType = sourcecode.swift; path = testeForm.swift; sourceTree = "<group>"; };
		C15ECE8F2960B255005E8007 /* ChartTest.swift */ = {isa = PBXFileReference; lastKnownFileType = sourcecode.swift; path = ChartTest.swift; sourceTree = "<group>"; };
		C15ECE912960B4AD005E8007 /* Configuration.swift */ = {isa = PBXFileReference; lastKnownFileType = sourcecode.swift; path = Configuration.swift; sourceTree = "<group>"; };
		C17AD1332963712E0066DFDB /* NotasUITests.xctest */ = {isa = PBXFileReference; explicitFileType = wrapper.cfbundle; includeInIndex = 0; path = NotasUITests.xctest; sourceTree = BUILT_PRODUCTS_DIR; };
		C17AD1352963712E0066DFDB /* NotasUITests.swift */ = {isa = PBXFileReference; lastKnownFileType = sourcecode.swift; path = NotasUITests.swift; sourceTree = "<group>"; };
		C17AD1372963712E0066DFDB /* NotasUITestsLaunchTests.swift */ = {isa = PBXFileReference; lastKnownFileType = sourcecode.swift; path = NotasUITestsLaunchTests.swift; sourceTree = "<group>"; };
		C17AD13E2963741D0066DFDB /* DisciplineCalculation.swift */ = {isa = PBXFileReference; lastKnownFileType = sourcecode.swift; path = DisciplineCalculation.swift; sourceTree = "<group>"; };
		C1B72C9E29635BB70086AD53 /* NewDiscipline.swift */ = {isa = PBXFileReference; lastKnownFileType = sourcecode.swift; path = NewDiscipline.swift; sourceTree = "<group>"; };
		C1B72CA029635BED0086AD53 /* DisciplineDetails.swift */ = {isa = PBXFileReference; lastKnownFileType = sourcecode.swift; path = DisciplineDetails.swift; sourceTree = "<group>"; };
/* End PBXFileReference section */

/* Begin PBXFrameworksBuildPhase section */
		C144910F295F611600057739 /* Frameworks */ = {
			isa = PBXFrameworksBuildPhase;
			buildActionMask = 2147483647;
			files = (
			);
			runOnlyForDeploymentPostprocessing = 0;
		};
		C17AD1302963712E0066DFDB /* Frameworks */ = {
			isa = PBXFrameworksBuildPhase;
			buildActionMask = 2147483647;
			files = (
			);
			runOnlyForDeploymentPostprocessing = 0;
		};
/* End PBXFrameworksBuildPhase section */

/* Begin PBXGroup section */
		C129B206295F6D1C00066555 /* View elements */ = {
			isa = PBXGroup;
			children = (
				C129B20F295F90EC00066555 /* ColorsOfAPP.swift */,
				C129B207295F6D3E00066555 /* Foto.swift */,
				C129B209295F7E4200066555 /* ProfileBackground.swift */,
				C129B20B295F85C800066555 /* StudentInformation.swift */,
				C129B20D295F8B9700066555 /* SummaryCard.swift */,
				C12DD30D2964B393005D8F97 /* GradeTable.swift */,
			);
			path = "View elements";
			sourceTree = "<group>";
		};
		C1449109295F611600057739 = {
			isa = PBXGroup;
			children = (
				C1449114295F611600057739 /* CalculadoraDeNotas */,
				C17AD1342963712E0066DFDB /* NotasUITests */,
				C1449113295F611600057739 /* Products */,
			);
			sourceTree = "<group>";
		};
		C1449113295F611600057739 /* Products */ = {
			isa = PBXGroup;
			children = (
				C1449112295F611600057739 /* Notas.app */,
				C17AD1332963712E0066DFDB /* NotasUITests.xctest */,
			);
			name = Products;
			sourceTree = "<group>";
		};
		C1449114295F611600057739 /* CalculadoraDeNotas */ = {
			isa = PBXGroup;
			children = (
				C1449115295F611600057739 /* CalculadoraDeNotasApp.swift */,
				C1449117295F611600057739 /* ContentView.swift */,
				C1449128295F61EB00057739 /* View */,
				C144912D295F65E100057739 /* Subviews */,
				C1449129295F61F700057739 /* Models */,
				C129B206295F6D1C00066555 /* View elements */,
				C144912A295F657E00057739 /* Helper */,
				C107BC2529634E2E00D52C32 /* DataController.swift */,
				C135481E29637D010094EF03 /* Disciplinas.xcdatamodeld */,
				C1449119295F611800057739 /* Assets.xcassets */,
				C144911B295F611800057739 /* Preview Content */,
			);
			path = CalculadoraDeNotas;
			sourceTree = "<group>";
		};
		C144911B295F611800057739 /* Preview Content */ = {
			isa = PBXGroup;
			children = (
				C144911C295F611800057739 /* Preview Assets.xcassets */,
			);
			path = "Preview Content";
			sourceTree = "<group>";
		};
		C1449128295F61EB00057739 /* View */ = {
			isa = PBXGroup;
			children = (
				C144912E295F660700057739 /* Profile.swift */,
				C1449130295F661300057739 /* Disciplines.swift */,
			);
			path = View;
			sourceTree = "<group>";
		};
		C1449129295F61F700057739 /* Models */ = {
			isa = PBXGroup;
			children = (
				C107BC082963121600D52C32 /* SemesterStruct.swift */,
				C107BC0A296340DF00D52C32 /* DisciplineStruct.swift */,
				C17AD13E2963741D0066DFDB /* DisciplineCalculation.swift */,
			);
			path = Models;
			sourceTree = "<group>";
		};
		C144912A295F657E00057739 /* Helper */ = {
			isa = PBXGroup;
			children = (
				C144912B295F65A500057739 /* File.swift */,
				C144911E295F611800057739 /* Persistence.swift */,
				C15ECE8E2960AF79005E8007 /* UiTests */,
			);
			path = Helper;
			sourceTree = "<group>";
		};
		C144912D295F65E100057739 /* Subviews */ = {
			isa = PBXGroup;
			children = (
				C15ECE912960B4AD005E8007 /* Configuration.swift */,
				C1B72C9E29635BB70086AD53 /* NewDiscipline.swift */,
				C1B72CA029635BED0086AD53 /* DisciplineDetails.swift */,
			);
			path = Subviews;
			sourceTree = "<group>";
		};
		C15ECE8E2960AF79005E8007 /* UiTests */ = {
			isa = PBXGroup;
			children = (
				C15ECE8C2960ADB1005E8007 /* testeForm.swift */,
				C15ECE8F2960B255005E8007 /* ChartTest.swift */,
			);
			path = UiTests;
			sourceTree = "<group>";
		};
		C17AD1342963712E0066DFDB /* NotasUITests */ = {
			isa = PBXGroup;
			children = (
				C17AD1352963712E0066DFDB /* NotasUITests.swift */,
				C17AD1372963712E0066DFDB /* NotasUITestsLaunchTests.swift */,
			);
			path = NotasUITests;
			sourceTree = "<group>";
		};
/* End PBXGroup section */

/* Begin PBXNativeTarget section */
		C1449111295F611600057739 /* Notas */ = {
			isa = PBXNativeTarget;
			buildConfigurationList = C1449125295F611800057739 /* Build configuration list for PBXNativeTarget "Notas" */;
			buildPhases = (
				C144910E295F611600057739 /* Sources */,
				C144910F295F611600057739 /* Frameworks */,
				C1449110295F611600057739 /* Resources */,
			);
			buildRules = (
			);
			dependencies = (
			);
			name = Notas;
			productName = CalculadoraDeNotas;
			productReference = C1449112295F611600057739 /* Notas.app */;
			productType = "com.apple.product-type.application";
		};
		C17AD1322963712E0066DFDB /* NotasUITests */ = {
			isa = PBXNativeTarget;
			buildConfigurationList = C17AD13B2963712E0066DFDB /* Build configuration list for PBXNativeTarget "NotasUITests" */;
			buildPhases = (
				C17AD12F2963712E0066DFDB /* Sources */,
				C17AD1302963712E0066DFDB /* Frameworks */,
				C17AD1312963712E0066DFDB /* Resources */,
			);
			buildRules = (
			);
			dependencies = (
				C17AD13A2963712E0066DFDB /* PBXTargetDependency */,
			);
			name = NotasUITests;
			productName = NotasUITests;
			productReference = C17AD1332963712E0066DFDB /* NotasUITests.xctest */;
			productType = "com.apple.product-type.bundle.ui-testing";
		};
/* End PBXNativeTarget section */

/* Begin PBXProject section */
		C144910A295F611600057739 /* Project object */ = {
			isa = PBXProject;
			attributes = {
				BuildIndependentTargetsInParallel = 1;
				LastSwiftUpdateCheck = 1420;
				LastUpgradeCheck = 1420;
				TargetAttributes = {
					C1449111295F611600057739 = {
						CreatedOnToolsVersion = 14.2;
					};
					C17AD1322963712E0066DFDB = {
						CreatedOnToolsVersion = 14.2;
						TestTargetID = C1449111295F611600057739;
					};
				};
			};
			buildConfigurationList = C144910D295F611600057739 /* Build configuration list for PBXProject "CalculadoraDeNotas" */;
			compatibilityVersion = "Xcode 14.0";
			developmentRegion = en;
			hasScannedForEncodings = 0;
			knownRegions = (
				en,
				Base,
			);
			mainGroup = C1449109295F611600057739;
			productRefGroup = C1449113295F611600057739 /* Products */;
			projectDirPath = "";
			projectRoot = "";
			targets = (
				C1449111295F611600057739 /* Notas */,
				C17AD1322963712E0066DFDB /* NotasUITests */,
			);
		};
/* End PBXProject section */

/* Begin PBXResourcesBuildPhase section */
		C1449110295F611600057739 /* Resources */ = {
			isa = PBXResourcesBuildPhase;
			buildActionMask = 2147483647;
			files = (
				C144911D295F611800057739 /* Preview Assets.xcassets in Resources */,
				C144911A295F611800057739 /* Assets.xcassets in Resources */,
			);
			runOnlyForDeploymentPostprocessing = 0;
		};
		C17AD1312963712E0066DFDB /* Resources */ = {
			isa = PBXResourcesBuildPhase;
			buildActionMask = 2147483647;
			files = (
			);
			runOnlyForDeploymentPostprocessing = 0;
		};
/* End PBXResourcesBuildPhase section */

/* Begin PBXSourcesBuildPhase section */
		C144910E295F611600057739 /* Sources */ = {
			isa = PBXSourcesBuildPhase;
			buildActionMask = 2147483647;
			files = (
				C129B210295F90EC00066555 /* ColorsOfAPP.swift in Sources */,
				C1449131295F661300057739 /* Disciplines.swift in Sources */,
				C107BC0B296340E000D52C32 /* DisciplineStruct.swift in Sources */,
				C15ECE902960B255005E8007 /* ChartTest.swift in Sources */,
				C144912C295F65A500057739 /* File.swift in Sources */,
				C129B20E295F8B9700066555 /* SummaryCard.swift in Sources */,
				C15ECE8D2960ADB1005E8007 /* testeForm.swift in Sources */,
				C15ECE922960B4AD005E8007 /* Configuration.swift in Sources */,
				C144912F295F660700057739 /* Profile.swift in Sources */,
				C135482029637D010094EF03 /* Disciplinas.xcdatamodeld in Sources */,
				C129B20A295F7E4200066555 /* ProfileBackground.swift in Sources */,
				C144911F295F611800057739 /* Persistence.swift in Sources */,
				C1B72C9F29635BB70086AD53 /* NewDiscipline.swift in Sources */,
				C129B208295F6D3E00066555 /* Foto.swift in Sources */,
				C12DD30E2964B393005D8F97 /* GradeTable.swift in Sources */,
				C107BC2629634E2E00D52C32 /* DataController.swift in Sources */,
				C1449118295F611600057739 /* ContentView.swift in Sources */,
				C1B72CA129635BED0086AD53 /* DisciplineDetails.swift in Sources */,
				C17AD13F2963741D0066DFDB /* DisciplineCalculation.swift in Sources */,
				C129B20C295F85C800066555 /* StudentInformation.swift in Sources */,
				C107BC092963121600D52C32 /* SemesterStruct.swift in Sources */,
				C1449116295F611600057739 /* CalculadoraDeNotasApp.swift in Sources */,
			);
			runOnlyForDeploymentPostprocessing = 0;
		};
		C17AD12F2963712E0066DFDB /* Sources */ = {
			isa = PBXSourcesBuildPhase;
			buildActionMask = 2147483647;
			files = (
				C17AD1382963712E0066DFDB /* NotasUITestsLaunchTests.swift in Sources */,
				C17AD1362963712E0066DFDB /* NotasUITests.swift in Sources */,
			);
			runOnlyForDeploymentPostprocessing = 0;
		};
/* End PBXSourcesBuildPhase section */

/* Begin PBXTargetDependency section */
		C17AD13A2963712E0066DFDB /* PBXTargetDependency */ = {
			isa = PBXTargetDependency;
			target = C1449111295F611600057739 /* Notas */;
			targetProxy = C17AD1392963712E0066DFDB /* PBXContainerItemProxy */;
		};
/* End PBXTargetDependency section */

/* Begin XCBuildConfiguration section */
		C1449123295F611800057739 /* Debug */ = {
			isa = XCBuildConfiguration;
			buildSettings = {
				ALWAYS_SEARCH_USER_PATHS = NO;
				CLANG_ANALYZER_NONNULL = YES;
				CLANG_ANALYZER_NUMBER_OBJECT_CONVERSION = YES_AGGRESSIVE;
				CLANG_CXX_LANGUAGE_STANDARD = "gnu++20";
				CLANG_ENABLE_MODULES = YES;
				CLANG_ENABLE_OBJC_ARC = YES;
				CLANG_ENABLE_OBJC_WEAK = YES;
				CLANG_WARN_BLOCK_CAPTURE_AUTORELEASING = YES;
				CLANG_WARN_BOOL_CONVERSION = YES;
				CLANG_WARN_COMMA = YES;
				CLANG_WARN_CONSTANT_CONVERSION = YES;
				CLANG_WARN_DEPRECATED_OBJC_IMPLEMENTATIONS = YES;
				CLANG_WARN_DIRECT_OBJC_ISA_USAGE = YES_ERROR;
				CLANG_WARN_DOCUMENTATION_COMMENTS = YES;
				CLANG_WARN_EMPTY_BODY = YES;
				CLANG_WARN_ENUM_CONVERSION = YES;
				CLANG_WARN_INFINITE_RECURSION = YES;
				CLANG_WARN_INT_CONVERSION = YES;
				CLANG_WARN_NON_LITERAL_NULL_CONVERSION = YES;
				CLANG_WARN_OBJC_IMPLICIT_RETAIN_SELF = YES;
				CLANG_WARN_OBJC_LITERAL_CONVERSION = YES;
				CLANG_WARN_OBJC_ROOT_CLASS = YES_ERROR;
				CLANG_WARN_QUOTED_INCLUDE_IN_FRAMEWORK_HEADER = YES;
				CLANG_WARN_RANGE_LOOP_ANALYSIS = YES;
				CLANG_WARN_STRICT_PROTOTYPES = YES;
				CLANG_WARN_SUSPICIOUS_MOVE = YES;
				CLANG_WARN_UNGUARDED_AVAILABILITY = YES_AGGRESSIVE;
				CLANG_WARN_UNREACHABLE_CODE = YES;
				CLANG_WARN__DUPLICATE_METHOD_MATCH = YES;
				COPY_PHASE_STRIP = NO;
				DEBUG_INFORMATION_FORMAT = dwarf;
				ENABLE_STRICT_OBJC_MSGSEND = YES;
				ENABLE_TESTABILITY = YES;
				GCC_C_LANGUAGE_STANDARD = gnu11;
				GCC_DYNAMIC_NO_PIC = NO;
				GCC_NO_COMMON_BLOCKS = YES;
				GCC_OPTIMIZATION_LEVEL = 0;
				GCC_PREPROCESSOR_DEFINITIONS = (
					"DEBUG=1",
					"$(inherited)",
				);
				GCC_WARN_64_TO_32_BIT_CONVERSION = YES;
				GCC_WARN_ABOUT_RETURN_TYPE = YES_ERROR;
				GCC_WARN_UNDECLARED_SELECTOR = YES;
				GCC_WARN_UNINITIALIZED_AUTOS = YES_AGGRESSIVE;
				GCC_WARN_UNUSED_FUNCTION = YES;
				GCC_WARN_UNUSED_VARIABLE = YES;
				IPHONEOS_DEPLOYMENT_TARGET = 16.2;
				MTL_ENABLE_DEBUG_INFO = INCLUDE_SOURCE;
				MTL_FAST_MATH = YES;
				ONLY_ACTIVE_ARCH = YES;
				SDKROOT = iphoneos;
				SWIFT_ACTIVE_COMPILATION_CONDITIONS = DEBUG;
				SWIFT_OPTIMIZATION_LEVEL = "-Onone";
			};
			name = Debug;
		};
		C1449124295F611800057739 /* Release */ = {
			isa = XCBuildConfiguration;
			buildSettings = {
				ALWAYS_SEARCH_USER_PATHS = NO;
				CLANG_ANALYZER_NONNULL = YES;
				CLANG_ANALYZER_NUMBER_OBJECT_CONVERSION = YES_AGGRESSIVE;
				CLANG_CXX_LANGUAGE_STANDARD = "gnu++20";
				CLANG_ENABLE_MODULES = YES;
				CLANG_ENABLE_OBJC_ARC = YES;
				CLANG_ENABLE_OBJC_WEAK = YES;
				CLANG_WARN_BLOCK_CAPTURE_AUTORELEASING = YES;
				CLANG_WARN_BOOL_CONVERSION = YES;
				CLANG_WARN_COMMA = YES;
				CLANG_WARN_CONSTANT_CONVERSION = YES;
				CLANG_WARN_DEPRECATED_OBJC_IMPLEMENTATIONS = YES;
				CLANG_WARN_DIRECT_OBJC_ISA_USAGE = YES_ERROR;
				CLANG_WARN_DOCUMENTATION_COMMENTS = YES;
				CLANG_WARN_EMPTY_BODY = YES;
				CLANG_WARN_ENUM_CONVERSION = YES;
				CLANG_WARN_INFINITE_RECURSION = YES;
				CLANG_WARN_INT_CONVERSION = YES;
				CLANG_WARN_NON_LITERAL_NULL_CONVERSION = YES;
				CLANG_WARN_OBJC_IMPLICIT_RETAIN_SELF = YES;
				CLANG_WARN_OBJC_LITERAL_CONVERSION = YES;
				CLANG_WARN_OBJC_ROOT_CLASS = YES_ERROR;
				CLANG_WARN_QUOTED_INCLUDE_IN_FRAMEWORK_HEADER = YES;
				CLANG_WARN_RANGE_LOOP_ANALYSIS = YES;
				CLANG_WARN_STRICT_PROTOTYPES = YES;
				CLANG_WARN_SUSPICIOUS_MOVE = YES;
				CLANG_WARN_UNGUARDED_AVAILABILITY = YES_AGGRESSIVE;
				CLANG_WARN_UNREACHABLE_CODE = YES;
				CLANG_WARN__DUPLICATE_METHOD_MATCH = YES;
				COPY_PHASE_STRIP = NO;
				DEBUG_INFORMATION_FORMAT = "dwarf-with-dsym";
				ENABLE_NS_ASSERTIONS = NO;
				ENABLE_STRICT_OBJC_MSGSEND = YES;
				GCC_C_LANGUAGE_STANDARD = gnu11;
				GCC_NO_COMMON_BLOCKS = YES;
				GCC_WARN_64_TO_32_BIT_CONVERSION = YES;
				GCC_WARN_ABOUT_RETURN_TYPE = YES_ERROR;
				GCC_WARN_UNDECLARED_SELECTOR = YES;
				GCC_WARN_UNINITIALIZED_AUTOS = YES_AGGRESSIVE;
				GCC_WARN_UNUSED_FUNCTION = YES;
				GCC_WARN_UNUSED_VARIABLE = YES;
				IPHONEOS_DEPLOYMENT_TARGET = 16.2;
				MTL_ENABLE_DEBUG_INFO = NO;
				MTL_FAST_MATH = YES;
				SDKROOT = iphoneos;
				SWIFT_COMPILATION_MODE = wholemodule;
				SWIFT_OPTIMIZATION_LEVEL = "-O";
				VALIDATE_PRODUCT = YES;
			};
			name = Release;
		};
		C1449126295F611800057739 /* Debug */ = {
			isa = XCBuildConfiguration;
			buildSettings = {
				ASSETCATALOG_COMPILER_APPICON_NAME = AppIcon;
				ASSETCATALOG_COMPILER_GLOBAL_ACCENT_COLOR_NAME = AccentColor;
				CODE_SIGN_STYLE = Automatic;
				CURRENT_PROJECT_VERSION = 1;
				DEVELOPMENT_ASSET_PATHS = "\"CalculadoraDeNotas/Preview Content\"";
				DEVELOPMENT_TEAM = J385NJ2F59;
				ENABLE_PREVIEWS = YES;
				GENERATE_INFOPLIST_FILE = YES;
				INFOPLIST_KEY_UIApplicationSceneManifest_Generation = YES;
				INFOPLIST_KEY_UIApplicationSupportsIndirectInputEvents = YES;
				INFOPLIST_KEY_UILaunchScreen_Generation = YES;
				INFOPLIST_KEY_UISupportedInterfaceOrientations_iPad = "UIInterfaceOrientationPortrait UIInterfaceOrientationPortraitUpsideDown UIInterfaceOrientationLandscapeLeft UIInterfaceOrientationLandscapeRight";
				INFOPLIST_KEY_UISupportedInterfaceOrientations_iPhone = "UIInterfaceOrientationPortrait UIInterfaceOrientationLandscapeLeft UIInterfaceOrientationLandscapeRight";
				IPHONEOS_DEPLOYMENT_TARGET = 16.0;
				LD_RUNPATH_SEARCH_PATHS = (
					"$(inherited)",
					"@executable_path/Frameworks",
				);
				MARKETING_VERSION = 1.0;
				PRODUCT_BUNDLE_IDENTIFIER = leaodebrito.CalculadoraDeNotas;
				PRODUCT_NAME = "$(TARGET_NAME)";
				SWIFT_EMIT_LOC_STRINGS = YES;
				SWIFT_VERSION = 5.0;
				TARGETED_DEVICE_FAMILY = "1,2";
			};
			name = Debug;
		};
		C1449127295F611800057739 /* Release */ = {
			isa = XCBuildConfiguration;
			buildSettings = {
				ASSETCATALOG_COMPILER_APPICON_NAME = AppIcon;
				ASSETCATALOG_COMPILER_GLOBAL_ACCENT_COLOR_NAME = AccentColor;
				CODE_SIGN_STYLE = Automatic;
				CURRENT_PROJECT_VERSION = 1;
				DEVELOPMENT_ASSET_PATHS = "\"CalculadoraDeNotas/Preview Content\"";
				DEVELOPMENT_TEAM = J385NJ2F59;
				ENABLE_PREVIEWS = YES;
				GENERATE_INFOPLIST_FILE = YES;
				INFOPLIST_KEY_UIApplicationSceneManifest_Generation = YES;
				INFOPLIST_KEY_UIApplicationSupportsIndirectInputEvents = YES;
				INFOPLIST_KEY_UILaunchScreen_Generation = YES;
				INFOPLIST_KEY_UISupportedInterfaceOrientations_iPad = "UIInterfaceOrientationPortrait UIInterfaceOrientationPortraitUpsideDown UIInterfaceOrientationLandscapeLeft UIInterfaceOrientationLandscapeRight";
				INFOPLIST_KEY_UISupportedInterfaceOrientations_iPhone = "UIInterfaceOrientationPortrait UIInterfaceOrientationLandscapeLeft UIInterfaceOrientationLandscapeRight";
				IPHONEOS_DEPLOYMENT_TARGET = 16.0;
				LD_RUNPATH_SEARCH_PATHS = (
					"$(inherited)",
					"@executable_path/Frameworks",
				);
				MARKETING_VERSION = 1.0;
				PRODUCT_BUNDLE_IDENTIFIER = leaodebrito.CalculadoraDeNotas;
				PRODUCT_NAME = "$(TARGET_NAME)";
				SWIFT_EMIT_LOC_STRINGS = YES;
				SWIFT_VERSION = 5.0;
				TARGETED_DEVICE_FAMILY = "1,2";
			};
			name = Release;
		};
		C17AD13C2963712E0066DFDB /* Debug */ = {
			isa = XCBuildConfiguration;
			buildSettings = {
				CODE_SIGN_STYLE = Automatic;
				CURRENT_PROJECT_VERSION = 1;
				DEVELOPMENT_TEAM = J385NJ2F59;
				GENERATE_INFOPLIST_FILE = YES;
				MARKETING_VERSION = 1.0;
				PRODUCT_BUNDLE_IDENTIFIER = leaodebrito.NotasUITests;
				PRODUCT_NAME = "$(TARGET_NAME)";
				SWIFT_EMIT_LOC_STRINGS = NO;
				SWIFT_VERSION = 5.0;
				TARGETED_DEVICE_FAMILY = "1,2";
				TEST_TARGET_NAME = Notas;
			};
			name = Debug;
		};
		C17AD13D2963712E0066DFDB /* Release */ = {
			isa = XCBuildConfiguration;
			buildSettings = {
				CODE_SIGN_STYLE = Automatic;
				CURRENT_PROJECT_VERSION = 1;
				DEVELOPMENT_TEAM = J385NJ2F59;
				GENERATE_INFOPLIST_FILE = YES;
				MARKETING_VERSION = 1.0;
				PRODUCT_BUNDLE_IDENTIFIER = leaodebrito.NotasUITests;
				PRODUCT_NAME = "$(TARGET_NAME)";
				SWIFT_EMIT_LOC_STRINGS = NO;
				SWIFT_VERSION = 5.0;
				TARGETED_DEVICE_FAMILY = "1,2";
				TEST_TARGET_NAME = Notas;
			};
			name = Release;
		};
/* End XCBuildConfiguration section */

/* Begin XCConfigurationList section */
		C144910D295F611600057739 /* Build configuration list for PBXProject "CalculadoraDeNotas" */ = {
			isa = XCConfigurationList;
			buildConfigurations = (
				C1449123295F611800057739 /* Debug */,
				C1449124295F611800057739 /* Release */,
			);
			defaultConfigurationIsVisible = 0;
			defaultConfigurationName = Release;
		};
		C1449125295F611800057739 /* Build configuration list for PBXNativeTarget "Notas" */ = {
			isa = XCConfigurationList;
			buildConfigurations = (
				C1449126295F611800057739 /* Debug */,
				C1449127295F611800057739 /* Release */,
			);
			defaultConfigurationIsVisible = 0;
			defaultConfigurationName = Release;
		};
		C17AD13B2963712E0066DFDB /* Build configuration list for PBXNativeTarget "NotasUITests" */ = {
			isa = XCConfigurationList;
			buildConfigurations = (
				C17AD13C2963712E0066DFDB /* Debug */,
				C17AD13D2963712E0066DFDB /* Release */,
			);
			defaultConfigurationIsVisible = 0;
			defaultConfigurationName = Release;
		};
/* End XCConfigurationList section */

/* Begin XCVersionGroup section */
		C135481E29637D010094EF03 /* Disciplinas.xcdatamodeld */ = {
			isa = XCVersionGroup;
			children = (
				C135481F29637D010094EF03 /* Disciplinas.xcdatamodel */,
			);
			currentVersion = C135481F29637D010094EF03 /* Disciplinas.xcdatamodel */;
			path = Disciplinas.xcdatamodeld;
			sourceTree = "<group>";
			versionGroupType = wrapper.xcdatamodel;
		};
/* End XCVersionGroup section */
	};
	rootObject = C144910A295F611600057739 /* Project object */;
}
